
Microsoft Visual Studio Solution File, Format Version 12.00
# Visual Studio 2012
Project("{FAE04EC0-301F-11D3-BF4B-00C04F79EFBC}") = "Nez", "Nez\Nez.Portable\Nez.csproj", "{60B7197D-D0D5-405C-90A2-A56903E9B039}"
EndProject
Project("{FAE04EC0-301F-11D3-BF4B-00C04F79EFBC}") = "Nez.FarseerPhysics", "Nez\Nez.FarseerPhysics\Nez.FarseerPhysics.csproj", "{CB893B1D-CE04-4492-B957-31CE0DCA6C15}"
EndProject
Project("{FAE04EC0-301F-11D3-BF4B-00C04F79EFBC}") = "Nez.Samples", "Nez.Samples\Nez.Samples.csproj", "{C680D0AE-9861-4000-AFFC-952D62A01E5C}"
EndProject
Global
	GlobalSection(SolutionConfigurationPlatforms) = preSolution
		Debug|x86 = Debug|x86
		Release|x86 = Release|x86
	EndGlobalSection
	GlobalSection(ProjectConfigurationPlatforms) = postSolution
		{60B7197D-D0D5-405C-90A2-A56903E9B039}.Debug|x86.ActiveCfg = Debug|Any CPU
		{60B7197D-D0D5-405C-90A2-A56903E9B039}.Debug|x86.Build.0 = Debug|Any CPU
		{60B7197D-D0D5-405C-90A2-A56903E9B039}.Release|x86.ActiveCfg = Release|Any CPU
		{60B7197D-D0D5-405C-90A2-A56903E9B039}.Release|x86.Build.0 = Release|Any CPU
		{CB893B1D-CE04-4492-B957-31CE0DCA6C15}.Debug|x86.ActiveCfg = Debug|Any CPU
		{CB893B1D-CE04-4492-B957-31CE0DCA6C15}.Debug|x86.Build.0 = Debug|Any CPU
		{CB893B1D-CE04-4492-B957-31CE0DCA6C15}.Release|x86.ActiveCfg = Release|Any CPU
		{CB893B1D-CE04-4492-B957-31CE0DCA6C15}.Release|x86.Build.0 = Release|Any CPU
		{C680D0AE-9861-4000-AFFC-952D62A01E5C}.Debug|x86.ActiveCfg = Debug|x86
		{C680D0AE-9861-4000-AFFC-952D62A01E5C}.Debug|x86.Build.0 = Debug|x86
		{C680D0AE-9861-4000-AFFC-952D62A01E5C}.Release|x86.ActiveCfg = Release|x86
		{C680D0AE-9861-4000-AFFC-952D62A01E5C}.Release|x86.Build.0 = Release|x86
	EndGlobalSection
EndGlobal
