
Microsoft Visual Studio Solution File, Format Version 12.00
# Visual Studio 2012
Project("{FAE04EC0-301F-11D3-BF4B-00C04F79EFBC}") = "Nez.FNA", "Nez\Nez.Portable\Nez.FNA.csproj", "{60B7197D-D0D5-405C-90A2-A56903E9B039}"
EndProject
Project("{FAE04EC0-301F-11D3-BF4B-00C04F79EFBC}") = "Nez.FNA.FarseerPhysics", "Nez\Nez.FarseerPhysics\Nez.FNA.FarseerPhysics.csproj", "{63E831F4-B847-4150-B5AF-CBE059EE27B8}"
EndProject
Project("{FAE04EC0-301F-11D3-BF4B-00C04F79EFBC}") = "Nez.FNA.Samples", "Nez.Samples\Nez.FNA.Samples.csproj", "{C680D0AE-9861-4000-AFFC-952D62A01E5C}"
EndProject
Project("{FAE04EC0-301F-11D3-BF4B-00C04F79EFBC}") = "FNA", "FNA\FNA.csproj", "{35253CE1-C864-4CD3-8249-4D1319748E8F}"
EndProject
Project("{FAE04EC0-301F-11D3-BF4B-00C04F79EFBC}") = "Nez.FNA.ImGui", "Nez\Nez.ImGui\Nez.FNA.ImGui.csproj", "{EEB096FA-92A0-4DD5-8350-F35B4AB001BA}"
EndProject
Global
	GlobalSection(SolutionConfigurationPlatforms) = preSolution
		Debug|x86 = Debug|x86
		Release|x86 = Release|x86
	EndGlobalSection
	GlobalSection(ProjectConfigurationPlatforms) = postSolution
		{63E831F4-B847-4150-B5AF-CBE059EE27B8}.Debug|x86.ActiveCfg = Debug|Any CPU
		{63E831F4-B847-4150-B5AF-CBE059EE27B8}.Debug|x86.Build.0 = Debug|Any CPU
		{63E831F4-B847-4150-B5AF-CBE059EE27B8}.Release|x86.ActiveCfg = Release|Any CPU
		{63E831F4-B847-4150-B5AF-CBE059EE27B8}.Release|x86.Build.0 = Release|Any CPU
		{60B7197D-D0D5-405C-90A2-A56903E9B039}.Debug|x86.ActiveCfg = Debug|Any CPU
		{60B7197D-D0D5-405C-90A2-A56903E9B039}.Debug|x86.Build.0 = Debug|Any CPU
		{60B7197D-D0D5-405C-90A2-A56903E9B039}.Release|x86.ActiveCfg = Release|Any CPU
		{60B7197D-D0D5-405C-90A2-A56903E9B039}.Release|x86.Build.0 = Release|Any CPU
		{C680D0AE-9861-4000-AFFC-952D62A01E5C}.Release|x86.ActiveCfg = Release|x86
		{C680D0AE-9861-4000-AFFC-952D62A01E5C}.Release|x86.Build.0 = Release|x86
		{C680D0AE-9861-4000-AFFC-952D62A01E5C}.Debug|x86.ActiveCfg = Debug|Any CPU
		{C680D0AE-9861-4000-AFFC-952D62A01E5C}.Debug|x86.Build.0 = Debug|Any CPU
		{35253CE1-C864-4CD3-8249-4D1319748E8F}.Debug|x86.ActiveCfg = Debug|Any CPU
		{35253CE1-C864-4CD3-8249-4D1319748E8F}.Debug|x86.Build.0 = Debug|Any CPU
		{35253CE1-C864-4CD3-8249-4D1319748E8F}.Release|x86.ActiveCfg = Release|Any CPU
		{35253CE1-C864-4CD3-8249-4D1319748E8F}.Release|x86.Build.0 = Release|Any CPU
		{EEB096FA-92A0-4DD5-8350-F35B4AB001BA}.Debug|x86.ActiveCfg = Debug|Any CPU
		{EEB096FA-92A0-4DD5-8350-F35B4AB001BA}.Debug|x86.Build.0 = Debug|Any CPU
		{EEB096FA-92A0-4DD5-8350-F35B4AB001BA}.Release|x86.ActiveCfg = Release|Any CPU
		{EEB096FA-92A0-4DD5-8350-F35B4AB001BA}.Release|x86.Build.0 = Release|Any CPU
	EndGlobalSection
EndGlobal
